# Generated by pub — fixture for tests
packages:
  firebase_core:
    dependency: "direct main"
    description:
      name: firebase_core
      sha256: "aaaaaaaaaaaaaaaaaaaaaaaaaaaaaaaaaaaaaaaaaaaaaaaaaaaaaaaaaaaaaaaa"
      url: "https://pub.dev"
    source: hosted
    version: "3.4.0"
  firebase_core_platform_interface:
    dependency: transitive
    description:
      name: firebase_core_platform_interface
      sha256: "bbbbbbbbbbbbbbbbbbbbbbbbbbbbbbbbbbbbbbbbbbbbbbbbbbbbbbbbbbbbbbbb"
      url: "https://pub.dev"
    source: hosted
    version: "5.3.0"
  flutter:
    dependency: "direct main"
    description: flutter
    source: sdk
    version: "0.0.0"
  google_mobile_ads:
    dependency: "direct main"
    description:
      name: google_mobile_ads
      sha256: "cccccccccccccccccccccccccccccccccccccccccccccccccccccccccccccccc"
      url: "https://pub.dev"
    source: hosted
    version: "5.1.0"
  http:
    dependency: "direct main"
    description:
      name: http
      sha256: "dddddddddddddddddddddddddddddddddddddddddddddddddddddddddddddddd"
      url: "https://pub.dev"
    source: hosted
    version: "1.2.2"
  http_parser:
    dependency: transitive
    description:
      name: http_parser
      sha256: "eeeeeeeeeeeeeeeeeeeeeeeeeeeeeeeeeeeeeeeeeeeeeeeeeeeeeeeeeeeeeeee"
      url: "https://pub.dev"
    source: hosted
    version: "4.0.2"
  purchases_flutter:
    dependency: "direct main"
    description:
      name: purchases_flutter
      sha256: "ffffffffffffffffffffffffffffffffffffffffffffffffffffffffffffffff"
      url: "https://pub.dev"
    source: hosted
    version: "8.1.0"
  web:
    dependency: transitive
    description:
      name: web
      sha256: "1111111111111111111111111111111111111111111111111111111111111111"
      url: "https://pub.dev"
    source: hosted
    version: "1.1.0"
sdks:
  dart: ">=3.0.0 <4.0.0"
  flutter: ">=3.16.0"
